
Microsoft Visual Studio Solution File, Format Version 12.00
# Visual Studio Version 17
VisualStudioVersion = 17.1.32210.238
MinimumVisualStudioVersion = 10.0.40219.1
Project("{FAE04EC0-301F-11D3-BF4B-00C04F79EFBC}") = "Opdracht 4.7", "Opdracht 4.7\Opdracht 4.7.csproj", "{7E9C8593-419E-4C9A-BB24-DAE98FC3938D}"
EndProject
Global
	GlobalSection(SolutionConfigurationPlatforms) = preSolution
		Debug|Any CPU = Debug|Any CPU
		Release|Any CPU = Release|Any CPU
	EndGlobalSection
	GlobalSection(ProjectConfigurationPlatforms) = postSolution
		{7E9C8593-419E-4C9A-BB24-DAE98FC3938D}.Debug|Any CPU.ActiveCfg = Debug|Any CPU
		{7E9C8593-419E-4C9A-BB24-DAE98FC3938D}.Debug|Any CPU.Build.0 = Debug|Any CPU
		{7E9C8593-419E-4C9A-BB24-DAE98FC3938D}.Release|Any CPU.ActiveCfg = Release|Any CPU
		{7E9C8593-419E-4C9A-BB24-DAE98FC3938D}.Release|Any CPU.Build.0 = Release|Any CPU
	EndGlobalSection
	GlobalSection(SolutionProperties) = preSolution
		HideSolutionNode = FALSE
	EndGlobalSection
	GlobalSection(ExtensibilityGlobals) = postSolution
		SolutionGuid = {4BB4CB12-73DA-4ABB-A274-ACDAE290D264}
	EndGlobalSection
EndGlobal
