
Microsoft Visual Studio Solution File, Format Version 12.00
# Visual Studio Version 17
VisualStudioVersion = 17.1.32210.238
MinimumVisualStudioVersion = 10.0.40219.1
Project("{FAE04EC0-301F-11D3-BF4B-00C04F79EFBC}") = "Opdracht4.1", "Opdracht4.1\Opdracht4.1.csproj", "{4C435719-1547-446B-954A-AD0E247DEF42}"
EndProject
Global
	GlobalSection(SolutionConfigurationPlatforms) = preSolution
		Debug|Any CPU = Debug|Any CPU
		Release|Any CPU = Release|Any CPU
	EndGlobalSection
	GlobalSection(ProjectConfigurationPlatforms) = postSolution
		{4C435719-1547-446B-954A-AD0E247DEF42}.Debug|Any CPU.ActiveCfg = Debug|Any CPU
		{4C435719-1547-446B-954A-AD0E247DEF42}.Debug|Any CPU.Build.0 = Debug|Any CPU
		{4C435719-1547-446B-954A-AD0E247DEF42}.Release|Any CPU.ActiveCfg = Release|Any CPU
		{4C435719-1547-446B-954A-AD0E247DEF42}.Release|Any CPU.Build.0 = Release|Any CPU
	EndGlobalSection
	GlobalSection(SolutionProperties) = preSolution
		HideSolutionNode = FALSE
	EndGlobalSection
	GlobalSection(ExtensibilityGlobals) = postSolution
		SolutionGuid = {2478E802-0A65-49C1-B2AC-94E773D598D9}
	EndGlobalSection
EndGlobal
